Microsoft Visual Studio Solution File, Format Version 12.00
# Visual Studio Version 17
VisualStudioVersion = 17.5.2.0
MinimumVisualStudioVersion = 10.0.40219.1
Project("{2150E333-8FDC-42A3-9474-1A3956D46DE8}") = "backend", "backend", "{1AE8ACA6-933B-BF2A-3671-3E2EAC007D16}"
EndProject
Project("{FAE04EC0-301F-11D3-BF4B-00C04F79EFBC}") = "AppointmentService", "backend\AppointmentService\AppointmentService.csproj", "{F0C8212B-1CB5-8242-6D97-C296F80F3A26}"
EndProject
Project("{FAE04EC0-301F-11D3-BF4B-00C04F79EFBC}") = "AppointmentService.Tests", "backend\AppointmentService.Tests\AppointmentService.Tests.csproj", "{AA94CEED-FC8B-FF33-F388-F05FF35F42ED}"
EndProject
Project("{FAE04EC0-301F-11D3-BF4B-00C04F79EFBC}") = "NotificationService", "backend\NotificationService\NotificationService.csproj", "{B90C02FF-93C8-BAAC-452E-6BDB110ECCB5}"
EndProject
Project("{2150E333-8FDC-42A3-9474-1A3956D46DE8}") = "AuthService", "AuthService", "{6E6346C9-135B-4CF2-B562-33010AA0300E}"
EndProject
Project("{FAE04EC0-301F-11D3-BF4B-00C04F79EFBC}") = "Auth.API", "backend\AuthService\Auth.API\Auth.API.csproj", "{6BF1F625-4903-41DB-8F6F-6BFB9C8AD300}"
EndProject
Project("{FAE04EC0-301F-11D3-BF4B-00C04F79EFBC}") = "Auth.Application", "backend\AuthService\Auth.Application\Auth.Application.csproj", "{3631B1D1-50CB-436F-A333-7E1E121CF7D9}"
EndProject
Project("{FAE04EC0-301F-11D3-BF4B-00C04F79EFBC}") = "Auth.Domain", "backend\AuthService\Auth.Domain\Auth.Domain.csproj", "{DE3B07E6-D16C-4846-A1BD-FDD134B2E7D2}"
EndProject
Project("{FAE04EC0-301F-11D3-BF4B-00C04F79EFBC}") = "Auth.Infrastructure", "backend\AuthService\Auth.Infrastructure\Auth.Infrastructure.csproj", "{B8B4070F-9027-4498-8FA8-B2E102EC26C9}"
EndProject
Project("{FAE04EC0-301F-11D3-BF4B-00C04F79EFBC}") = "AuthService.Tests", "backend\AuthService.Tests\AuthService.Tests.csproj", "{56C02928-A13C-4108-B1B5-1C07BE4803C5}"
EndProject
Project("{2150E333-8FDC-42A3-9474-1A3956D46DE8}") = "DoctorService", "DoctorService", "{FE3A1809-A31A-4201-AF1C-8D901DAF8528}"
EndProject
Project("{FAE04EC0-301F-11D3-BF4B-00C04F79EFBC}") = "Doctor.API", "backend\DoctorService\Doctor.API\Doctor.API.csproj", "{84284F29-A174-4A31-9F2D-2650955B1E2D}"
EndProject
Project("{FAE04EC0-301F-11D3-BF4B-00C04F79EFBC}") = "Doctor.Application", "backend\DoctorService\Doctor.Application\Doctor.Application.csproj", "{97C77A0E-5B7B-4AEF-9C52-18F8EF4C74B0}"
EndProject
Project("{FAE04EC0-301F-11D3-BF4B-00C04F79EFBC}") = "Doctor.Domain", "backend\DoctorService\Doctor.Domain\Doctor.Domain.csproj", "{0362E4C8-43F7-439B-A47A-2A8FDC0566CA}"
EndProject
Project("{FAE04EC0-301F-11D3-BF4B-00C04F79EFBC}") = "Doctor.Infrastructure", "backend\DoctorService\Doctor.Infrastructure\Doctor.Infrastructure.csproj", "{8D21BCFB-A08D-450C-AAB7-E5A40806145C}"
EndProject
Project("{FAE04EC0-301F-11D3-BF4B-00C04F79EFBC}") = "DoctorService.Tests", "backend\DoctorService.Tests\DoctorService.Tests.csproj", "{C089F821-95E8-465D-B00F-E1258CF6839A}"
EndProject
Project("{2150E333-8FDC-42A3-9474-1A3956D46DE8}") = "AdminService", "AdminService", "{5625DC06-3FED-4A56-917F-2B3E67456407}"
EndProject
Project("{FAE04EC0-301F-11D3-BF4B-00C04F79EFBC}") = "AdminService.API", "backend\AdminService\AdminService.API\AdminService.API.csproj", "{30D46477-1BA9-4CF1-B4A7-27A98CAC7BE8}"
EndProject
Project("{FAE04EC0-301F-11D3-BF4B-00C04F79EFBC}") = "AdminService.Application", "backend\AdminService\AdminService.Application\AdminService.Application.csproj", "{FDC92E4D-0B31-4260-921F-896EA96F7F6C}"
EndProject
Project("{FAE04EC0-301F-11D3-BF4B-00C04F79EFBC}") = "AdminService.Domain", "backend\AdminService\AdminService.Domain\AdminService.Domain.csproj", "{1113F782-A1F1-4210-89CE-5840BF160139}"
EndProject
Project("{FAE04EC0-301F-11D3-BF4B-00C04F79EFBC}") = "AdminService.Infrastructure", "backend\AdminService\AdminService.Infrastructure\AdminService.Infrastructure.csproj", "{47E5CA45-7FCE-4201-9C43-E4424818CE3C}"
EndProject
Project("{FAE04EC0-301F-11D3-BF4B-00C04F79EFBC}") = "AdminService.Tests", "backend\AdminService.Tests\AdminService.Tests.csproj", "{B55A5621-C14A-46A5-94C5-B30AF760E456}"
EndProject
Global
	GlobalSection(SolutionConfigurationPlatforms) = preSolution
		Debug|Any CPU = Debug|Any CPU
		Release|Any CPU = Release|Any CPU
	EndGlobalSection
	GlobalSection(ProjectConfigurationPlatforms) = postSolution
		{F0C8212B-1CB5-8242-6D97-C296F80F3A26}.Debug|Any CPU.ActiveCfg = Debug|Any CPU
		{F0C8212B-1CB5-8242-6D97-C296F80F3A26}.Debug|Any CPU.Build.0 = Debug|Any CPU
		{F0C8212B-1CB5-8242-6D97-C296F80F3A26}.Release|Any CPU.ActiveCfg = Release|Any CPU
		{F0C8212B-1CB5-8242-6D97-C296F80F3A26}.Release|Any CPU.Build.0 = Release|Any CPU
		{AA94CEED-FC8B-FF33-F388-F05FF35F42ED}.Debug|Any CPU.ActiveCfg = Debug|Any CPU
		{AA94CEED-FC8B-FF33-F388-F05FF35F42ED}.Debug|Any CPU.Build.0 = Debug|Any CPU
		{AA94CEED-FC8B-FF33-F388-F05FF35F42ED}.Release|Any CPU.ActiveCfg = Release|Any CPU
		{AA94CEED-FC8B-FF33-F388-F05FF35F42ED}.Release|Any CPU.Build.0 = Release|Any CPU
		{B90C02FF-93C8-BAAC-452E-6BDB110ECCB5}.Debug|Any CPU.ActiveCfg = Debug|Any CPU
		{B90C02FF-93C8-BAAC-452E-6BDB110ECCB5}.Debug|Any CPU.Build.0 = Debug|Any CPU
		{B90C02FF-93C8-BAAC-452E-6BDB110ECCB5}.Release|Any CPU.ActiveCfg = Release|Any CPU
		{B90C02FF-93C8-BAAC-452E-6BDB110ECCB5}.Release|Any CPU.Build.0 = Release|Any CPU
		{6BF1F625-4903-41DB-8F6F-6BFB9C8AD300}.Debug|Any CPU.ActiveCfg = Debug|Any CPU
		{6BF1F625-4903-41DB-8F6F-6BFB9C8AD300}.Debug|Any CPU.Build.0 = Debug|Any CPU
		{6BF1F625-4903-41DB-8F6F-6BFB9C8AD300}.Release|Any CPU.ActiveCfg = Release|Any CPU
		{6BF1F625-4903-41DB-8F6F-6BFB9C8AD300}.Release|Any CPU.Build.0 = Release|Any CPU
		{3631B1D1-50CB-436F-A333-7E1E121CF7D9}.Debug|Any CPU.ActiveCfg = Debug|Any CPU
		{3631B1D1-50CB-436F-A333-7E1E121CF7D9}.Debug|Any CPU.Build.0 = Debug|Any CPU
		{3631B1D1-50CB-436F-A333-7E1E121CF7D9}.Release|Any CPU.ActiveCfg = Release|Any CPU
		{3631B1D1-50CB-436F-A333-7E1E121CF7D9}.Release|Any CPU.Build.0 = Release|Any CPU
		{DE3B07E6-D16C-4846-A1BD-FDD134B2E7D2}.Debug|Any CPU.ActiveCfg = Debug|Any CPU
		{DE3B07E6-D16C-4846-A1BD-FDD134B2E7D2}.Debug|Any CPU.Build.0 = Debug|Any CPU
		{DE3B07E6-D16C-4846-A1BD-FDD134B2E7D2}.Release|Any CPU.ActiveCfg = Release|Any CPU
		{DE3B07E6-D16C-4846-A1BD-FDD134B2E7D2}.Release|Any CPU.Build.0 = Release|Any CPU
		{B8B4070F-9027-4498-8FA8-B2E102EC26C9}.Debug|Any CPU.ActiveCfg = Debug|Any CPU
		{B8B4070F-9027-4498-8FA8-B2E102EC26C9}.Debug|Any CPU.Build.0 = Debug|Any CPU
		{B8B4070F-9027-4498-8FA8-B2E102EC26C9}.Release|Any CPU.ActiveCfg = Release|Any CPU
		{B8B4070F-9027-4498-8FA8-B2E102EC26C9}.Release|Any CPU.Build.0 = Release|Any CPU
		{56C02928-A13C-4108-B1B5-1C07BE4803C5}.Debug|Any CPU.ActiveCfg = Debug|Any CPU
		{56C02928-A13C-4108-B1B5-1C07BE4803C5}.Debug|Any CPU.Build.0 = Debug|Any CPU
		{56C02928-A13C-4108-B1B5-1C07BE4803C5}.Release|Any CPU.ActiveCfg = Release|Any CPU
		{56C02928-A13C-4108-B1B5-1C07BE4803C5}.Release|Any CPU.Build.0 = Release|Any CPU
		{84284F29-A174-4A31-9F2D-2650955B1E2D}.Debug|Any CPU.ActiveCfg = Debug|Any CPU
		{84284F29-A174-4A31-9F2D-2650955B1E2D}.Debug|Any CPU.Build.0 = Debug|Any CPU
		{84284F29-A174-4A31-9F2D-2650955B1E2D}.Release|Any CPU.ActiveCfg = Release|Any CPU
		{84284F29-A174-4A31-9F2D-2650955B1E2D}.Release|Any CPU.Build.0 = Release|Any CPU
		{97C77A0E-5B7B-4AEF-9C52-18F8EF4C74B0}.Debug|Any CPU.ActiveCfg = Debug|Any CPU
		{97C77A0E-5B7B-4AEF-9C52-18F8EF4C74B0}.Debug|Any CPU.Build.0 = Debug|Any CPU
		{97C77A0E-5B7B-4AEF-9C52-18F8EF4C74B0}.Release|Any CPU.ActiveCfg = Release|Any CPU
		{97C77A0E-5B7B-4AEF-9C52-18F8EF4C74B0}.Release|Any CPU.Build.0 = Release|Any CPU
		{0362E4C8-43F7-439B-A47A-2A8FDC0566CA}.Debug|Any CPU.ActiveCfg = Debug|Any CPU
		{0362E4C8-43F7-439B-A47A-2A8FDC0566CA}.Debug|Any CPU.Build.0 = Debug|Any CPU
		{0362E4C8-43F7-439B-A47A-2A8FDC0566CA}.Release|Any CPU.ActiveCfg = Release|Any CPU
		{0362E4C8-43F7-439B-A47A-2A8FDC0566CA}.Release|Any CPU.Build.0 = Release|Any CPU
		{8D21BCFB-A08D-450C-AAB7-E5A40806145C}.Debug|Any CPU.ActiveCfg = Debug|Any CPU
		{8D21BCFB-A08D-450C-AAB7-E5A40806145C}.Debug|Any CPU.Build.0 = Debug|Any CPU
		{8D21BCFB-A08D-450C-AAB7-E5A40806145C}.Release|Any CPU.ActiveCfg = Release|Any CPU
		{8D21BCFB-A08D-450C-AAB7-E5A40806145C}.Release|Any CPU.Build.0 = Release|Any CPU
		{C089F821-95E8-465D-B00F-E1258CF6839A}.Debug|Any CPU.ActiveCfg = Debug|Any CPU
		{C089F821-95E8-465D-B00F-E1258CF6839A}.Debug|Any CPU.Build.0 = Debug|Any CPU
		{C089F821-95E8-465D-B00F-E1258CF6839A}.Release|Any CPU.ActiveCfg = Release|Any CPU
		{C089F821-95E8-465D-B00F-E1258CF6839A}.Release|Any CPU.Build.0 = Release|Any CPU
		{30D46477-1BA9-4CF1-B4A7-27A98CAC7BE8}.Debug|Any CPU.ActiveCfg = Debug|Any CPU
		{30D46477-1BA9-4CF1-B4A7-27A98CAC7BE8}.Debug|Any CPU.Build.0 = Debug|Any CPU
		{30D46477-1BA9-4CF1-B4A7-27A98CAC7BE8}.Release|Any CPU.ActiveCfg = Release|Any CPU
		{30D46477-1BA9-4CF1-B4A7-27A98CAC7BE8}.Release|Any CPU.Build.0 = Release|Any CPU
		{FDC92E4D-0B31-4260-921F-896EA96F7F6C}.Debug|Any CPU.ActiveCfg = Debug|Any CPU
		{FDC92E4D-0B31-4260-921F-896EA96F7F6C}.Debug|Any CPU.Build.0 = Debug|Any CPU
		{FDC92E4D-0B31-4260-921F-896EA96F7F6C}.Release|Any CPU.ActiveCfg = Release|Any CPU
		{FDC92E4D-0B31-4260-921F-896EA96F7F6C}.Release|Any CPU.Build.0 = Release|Any CPU
		{1113F782-A1F1-4210-89CE-5840BF160139}.Debug|Any CPU.ActiveCfg = Debug|Any CPU
		{1113F782-A1F1-4210-89CE-5840BF160139}.Debug|Any CPU.Build.0 = Debug|Any CPU
		{1113F782-A1F1-4210-89CE-5840BF160139}.Release|Any CPU.ActiveCfg = Release|Any CPU
		{1113F782-A1F1-4210-89CE-5840BF160139}.Release|Any CPU.Build.0 = Release|Any CPU
		{47E5CA45-7FCE-4201-9C43-E4424818CE3C}.Debug|Any CPU.ActiveCfg = Debug|Any CPU
		{47E5CA45-7FCE-4201-9C43-E4424818CE3C}.Debug|Any CPU.Build.0 = Debug|Any CPU
		{47E5CA45-7FCE-4201-9C43-E4424818CE3C}.Release|Any CPU.ActiveCfg = Release|Any CPU
		{47E5CA45-7FCE-4201-9C43-E4424818CE3C}.Release|Any CPU.Build.0 = Release|Any CPU
		{B55A5621-C14A-46A5-94C5-B30AF760E456}.Debug|Any CPU.ActiveCfg = Debug|Any CPU
		{B55A5621-C14A-46A5-94C5-B30AF760E456}.Debug|Any CPU.Build.0 = Debug|Any CPU
		{B55A5621-C14A-46A5-94C5-B30AF760E456}.Release|Any CPU.ActiveCfg = Release|Any CPU
		{B55A5621-C14A-46A5-94C5-B30AF760E456}.Release|Any CPU.Build.0 = Release|Any CPU
	EndGlobalSection
	GlobalSection(SolutionProperties) = preSolution
		HideSolutionNode = FALSE
	EndGlobalSection
	GlobalSection(NestedProjects) = preSolution
		{F0C8212B-1CB5-8242-6D97-C296F80F3A26} = {1AE8ACA6-933B-BF2A-3671-3E2EAC007D16}
		{AA94CEED-FC8B-FF33-F388-F05FF35F42ED} = {1AE8ACA6-933B-BF2A-3671-3E2EAC007D16}
		{B90C02FF-93C8-BAAC-452E-6BDB110ECCB5} = {1AE8ACA6-933B-BF2A-3671-3E2EAC007D16}
		{6E6346C9-135B-4CF2-B562-33010AA0300E} = {1AE8ACA6-933B-BF2A-3671-3E2EAC007D16}
		{6BF1F625-4903-41DB-8F6F-6BFB9C8AD300} = {6E6346C9-135B-4CF2-B562-33010AA0300E}
		{3631B1D1-50CB-436F-A333-7E1E121CF7D9} = {6E6346C9-135B-4CF2-B562-33010AA0300E}
		{DE3B07E6-D16C-4846-A1BD-FDD134B2E7D2} = {6E6346C9-135B-4CF2-B562-33010AA0300E}
		{B8B4070F-9027-4498-8FA8-B2E102EC26C9} = {6E6346C9-135B-4CF2-B562-33010AA0300E}
		{56C02928-A13C-4108-B1B5-1C07BE4803C5} = {1AE8ACA6-933B-BF2A-3671-3E2EAC007D16}
		{FE3A1809-A31A-4201-AF1C-8D901DAF8528} = {1AE8ACA6-933B-BF2A-3671-3E2EAC007D16}
		{84284F29-A174-4A31-9F2D-2650955B1E2D} = {FE3A1809-A31A-4201-AF1C-8D901DAF8528}
		{97C77A0E-5B7B-4AEF-9C52-18F8EF4C74B0} = {FE3A1809-A31A-4201-AF1C-8D901DAF8528}
		{0362E4C8-43F7-439B-A47A-2A8FDC0566CA} = {FE3A1809-A31A-4201-AF1C-8D901DAF8528}
		{8D21BCFB-A08D-450C-AAB7-E5A40806145C} = {FE3A1809-A31A-4201-AF1C-8D901DAF8528}
		{C089F821-95E8-465D-B00F-E1258CF6839A} = {1AE8ACA6-933B-BF2A-3671-3E2EAC007D16}
		{5625DC06-3FED-4A56-917F-2B3E67456407} = {1AE8ACA6-933B-BF2A-3671-3E2EAC007D16}
		{30D46477-1BA9-4CF1-B4A7-27A98CAC7BE8} = {5625DC06-3FED-4A56-917F-2B3E67456407}
		{FDC92E4D-0B31-4260-921F-896EA96F7F6C} = {5625DC06-3FED-4A56-917F-2B3E67456407}
		{1113F782-A1F1-4210-89CE-5840BF160139} = {5625DC06-3FED-4A56-917F-2B3E67456407}
		{47E5CA45-7FCE-4201-9C43-E4424818CE3C} = {5625DC06-3FED-4A56-917F-2B3E67456407}
		{B55A5621-C14A-46A5-94C5-B30AF760E456} = {1AE8ACA6-933B-BF2A-3671-3E2EAC007D16}
	EndGlobalSection
	GlobalSection(ExtensibilityGlobals) = postSolution
		SolutionGuid = {7D9504D6-ACD1-42B9-A5EA-F140D4EECC08}
	EndGlobalSection
EndGlobal
