
Microsoft Visual Studio Solution File, Format Version 12.00
# Visual Studio Version 17
VisualStudioVersion = 17.0.31903.59
MinimumVisualStudioVersion = 10.0.40219.1
Project("{2150E333-8FDC-42A3-9474-1A3956D46DE8}") = "backend", "backend", "{975CA405-353B-401E-B092-5ADFC83C245E}"
EndProject
Project("{FAE04EC0-301F-11D3-BF4B-00C04F79EFBC}") = "AppointmentService", "backend\AppointmentService\AppointmentService.csproj", "{9CC3A678-EC1B-4DF9-A8BE-F4DDDAA66F06}"
EndProject
Project("{FAE04EC0-301F-11D3-BF4B-00C04F79EFBC}") = "AppointmentService.Tests", "backend\AppointmentService.Tests\AppointmentService.Tests.csproj", "{EFDE7A55-82DC-4FC1-AE5B-9918D68267EB}"
EndProject
Project("{FAE04EC0-301F-11D3-BF4B-00C04F79EFBC}") = "NotificationService", "backend\NotificationService\NotificationService.csproj", "{486F6629-1205-44C2-AB70-5771658E6735}"
EndProject
Project("{2150E333-8FDC-42A3-9474-1A3956D46DE8}") = "AuthService", "AuthService", "{CBA3DB54-FA94-4B6E-A736-3C6338C0B295}"
EndProject
Project("{FAE04EC0-301F-11D3-BF4B-00C04F79EFBC}") = "Auth.API", "backend\AuthService\Auth.API\Auth.API.csproj", "{3CB3C860-2784-4A87-A272-0B6C6F78B203}"
EndProject
Project("{FAE04EC0-301F-11D3-BF4B-00C04F79EFBC}") = "Auth.Application", "backend\AuthService\Auth.Application\Auth.Application.csproj", "{A6F32293-2EE7-4C2D-BE9A-BD80FBD23503}"
EndProject
Project("{FAE04EC0-301F-11D3-BF4B-00C04F79EFBC}") = "Auth.Domain", "backend\AuthService\Auth.Domain\Auth.Domain.csproj", "{7FC5D06B-498E-4933-A772-90FAA4B75F3F}"
EndProject
Project("{FAE04EC0-301F-11D3-BF4B-00C04F79EFBC}") = "Auth.Infrastructure", "backend\AuthService\Auth.Infrastructure\Auth.Infrastructure.csproj", "{248825BB-4D93-4708-88FE-D4AFC87EF69D}"
EndProject
Project("{FAE04EC0-301F-11D3-BF4B-00C04F79EFBC}") = "AuthService.Tests", "backend\AuthService.Tests\AuthService.Tests.csproj", "{7F2DE7AD-CB9D-4596-AC5D-2747E3EB4B3B}"
EndProject
Project("{2150E333-8FDC-42A3-9474-1A3956D46DE8}") = "DoctorService", "DoctorService", "{0434D18C-BAFF-4665-8188-11E9B7FD27C1}"
EndProject
Project("{FAE04EC0-301F-11D3-BF4B-00C04F79EFBC}") = "Doctor.API", "backend\DoctorService\Doctor.API\Doctor.API.csproj", "{E24FA8A6-775C-45D6-B4A5-FEB069A08DC8}"
EndProject
Project("{FAE04EC0-301F-11D3-BF4B-00C04F79EFBC}") = "Doctor.Application", "backend\DoctorService\Doctor.Application\Doctor.Application.csproj", "{470E9517-DD66-4132-9C43-7E19FDC9854D}"
EndProject
Project("{FAE04EC0-301F-11D3-BF4B-00C04F79EFBC}") = "Doctor.Domain", "backend\DoctorService\Doctor.Domain\Doctor.Domain.csproj", "{052DB771-0C00-4161-B8EB-36D33901CAC7}"
EndProject
Project("{FAE04EC0-301F-11D3-BF4B-00C04F79EFBC}") = "Doctor.Infrastructure", "backend\DoctorService\Doctor.Infrastructure\Doctor.Infrastructure.csproj", "{06C8A986-A972-4899-A730-A98E41CB9F68}"
EndProject
Project("{FAE04EC0-301F-11D3-BF4B-00C04F79EFBC}") = "DoctorService.Tests", "backend\DoctorService.Tests\DoctorService.Tests.csproj", "{03D1B0CA-38CF-495C-8A39-68AF6F377AE7}"
EndProject
Project("{2150E333-8FDC-42A3-9474-1A3956D46DE8}") = "AdminService", "AdminService", "{DCBE2EE3-5DCB-445A-889C-6CB7B11F038F}"
EndProject
Project("{FAE04EC0-301F-11D3-BF4B-00C04F79EFBC}") = "AdminService.API", "backend\AdminService\AdminService.API\AdminService.API.csproj", "{B974ED27-65C4-4EC1-AD3C-576A6D457D0C}"
EndProject
Project("{FAE04EC0-301F-11D3-BF4B-00C04F79EFBC}") = "AdminService.Application", "backend\AdminService\AdminService.Application\AdminService.Application.csproj", "{7F2840C0-0FC8-44DD-92B7-D0B85D83292D}"
EndProject
Project("{FAE04EC0-301F-11D3-BF4B-00C04F79EFBC}") = "AdminService.Domain", "backend\AdminService\AdminService.Domain\AdminService.Domain.csproj", "{2CB21093-065B-4AA4-A383-83773ED6D7FB}"
EndProject
Project("{FAE04EC0-301F-11D3-BF4B-00C04F79EFBC}") = "AdminService.Infrastructure", "backend\AdminService\AdminService.Infrastructure\AdminService.Infrastructure.csproj", "{850F65A0-4AC8-43D9-AD07-7D914311B0B0}"
EndProject
Project("{FAE04EC0-301F-11D3-BF4B-00C04F79EFBC}") = "AdminService.Tests", "backend\AdminService.Tests\AdminService.Tests.csproj", "{E3AF25E5-5234-4259-93DD-B5528ECF5937}"
EndProject
Project("{2150E333-8FDC-42A3-9474-1A3956D46DE8}") = "PatientService", "PatientService", "{6AC13C36-6F4B-42BF-A557-47B63F3B70AE}"
EndProject
Project("{FAE04EC0-301F-11D3-BF4B-00C04F79EFBC}") = "PatientService.API", "backend\PatientService\PatientService.API\PatientService.API.csproj", "{BAA6D76E-BB7F-428C-B542-E78EDF87A555}"
EndProject
Project("{FAE04EC0-301F-11D3-BF4B-00C04F79EFBC}") = "PatientService.Application", "backend\PatientService\PatientService.Application\PatientService.Application.csproj", "{A7D4071B-6905-47DB-8984-14E76A8A228C}"
EndProject
Project("{FAE04EC0-301F-11D3-BF4B-00C04F79EFBC}") = "PatientService.Domain", "backend\PatientService\PatientService.Domain\PatientService.Domain.csproj", "{7407C4B7-3A79-4D36-BF97-132ABF92E9F2}"
EndProject
Project("{FAE04EC0-301F-11D3-BF4B-00C04F79EFBC}") = "PatientService.Infrastructure", "backend\PatientService\PatientService.Infrastructure\PatientService.Infrastructure.csproj", "{03C01DA0-A14C-4265-B0F1-754514C77A11}"
EndProject
Project("{FAE04EC0-301F-11D3-BF4B-00C04F79EFBC}") = "PatientService.Tests", "backend\PatientService.Tests\PatientService.Tests.csproj", "{12F00B33-E55B-4E5F-BEE1-42CA87C8C258}"
EndProject
Project("{FAE04EC0-301F-11D3-BF4B-00C04F79EFBC}") = "PaymentService.Tests", "backend\PaymentService.Tests\PaymentService.Tests.csproj", "{C0D3B6A1-7C5A-4E3F-9D2A-1D7A8D5D3A91}"
EndProject
Project("{FAE04EC0-301F-11D3-BF4B-00C04F79EFBC}") = "TelemedicineService.Tests", "backend\TelemedicineService.Tests\TelemedicineService.Tests.csproj", "{A9C19E3B-8F3A-4D8F-A2E7-6BD23EFA5921}"
EndProject
Global
	GlobalSection(SolutionConfigurationPlatforms) = preSolution
		Debug|Any CPU = Debug|Any CPU
		Release|Any CPU = Release|Any CPU
	EndGlobalSection

	GlobalSection(SolutionProperties) = preSolution
		HideSolutionNode = FALSE
	EndGlobalSection
	GlobalSection(ProjectConfigurationPlatforms) = postSolution
		{9CC3A678-EC1B-4DF9-A8BE-F4DDDAA66F06}.Debug|Any CPU.ActiveCfg = Debug|Any CPU
		{9CC3A678-EC1B-4DF9-A8BE-F4DDDAA66F06}.Debug|Any CPU.Build.0 = Debug|Any CPU
		{9CC3A678-EC1B-4DF9-A8BE-F4DDDAA66F06}.Release|Any CPU.ActiveCfg = Release|Any CPU
		{9CC3A678-EC1B-4DF9-A8BE-F4DDDAA66F06}.Release|Any CPU.Build.0 = Release|Any CPU
		{EFDE7A55-82DC-4FC1-AE5B-9918D68267EB}.Debug|Any CPU.ActiveCfg = Debug|Any CPU
		{EFDE7A55-82DC-4FC1-AE5B-9918D68267EB}.Debug|Any CPU.Build.0 = Debug|Any CPU
		{EFDE7A55-82DC-4FC1-AE5B-9918D68267EB}.Release|Any CPU.ActiveCfg = Release|Any CPU
		{EFDE7A55-82DC-4FC1-AE5B-9918D68267EB}.Release|Any CPU.Build.0 = Release|Any CPU
		{486F6629-1205-44C2-AB70-5771658E6735}.Debug|Any CPU.ActiveCfg = Debug|Any CPU
		{486F6629-1205-44C2-AB70-5771658E6735}.Debug|Any CPU.Build.0 = Debug|Any CPU
		{486F6629-1205-44C2-AB70-5771658E6735}.Release|Any CPU.ActiveCfg = Release|Any CPU
		{486F6629-1205-44C2-AB70-5771658E6735}.Release|Any CPU.Build.0 = Release|Any CPU
		{3CB3C860-2784-4A87-A272-0B6C6F78B203}.Debug|Any CPU.ActiveCfg = Debug|Any CPU
		{3CB3C860-2784-4A87-A272-0B6C6F78B203}.Debug|Any CPU.Build.0 = Debug|Any CPU
		{3CB3C860-2784-4A87-A272-0B6C6F78B203}.Release|Any CPU.ActiveCfg = Release|Any CPU
		{3CB3C860-2784-4A87-A272-0B6C6F78B203}.Release|Any CPU.Build.0 = Release|Any CPU
		{A6F32293-2EE7-4C2D-BE9A-BD80FBD23503}.Debug|Any CPU.ActiveCfg = Debug|Any CPU
		{A6F32293-2EE7-4C2D-BE9A-BD80FBD23503}.Debug|Any CPU.Build.0 = Debug|Any CPU
		{A6F32293-2EE7-4C2D-BE9A-BD80FBD23503}.Release|Any CPU.ActiveCfg = Release|Any CPU
		{A6F32293-2EE7-4C2D-BE9A-BD80FBD23503}.Release|Any CPU.Build.0 = Release|Any CPU
		{7FC5D06B-498E-4933-A772-90FAA4B75F3F}.Debug|Any CPU.ActiveCfg = Debug|Any CPU
		{7FC5D06B-498E-4933-A772-90FAA4B75F3F}.Debug|Any CPU.Build.0 = Debug|Any CPU
		{7FC5D06B-498E-4933-A772-90FAA4B75F3F}.Release|Any CPU.ActiveCfg = Release|Any CPU
		{7FC5D06B-498E-4933-A772-90FAA4B75F3F}.Release|Any CPU.Build.0 = Release|Any CPU
		{248825BB-4D93-4708-88FE-D4AFC87EF69D}.Debug|Any CPU.ActiveCfg = Debug|Any CPU
		{248825BB-4D93-4708-88FE-D4AFC87EF69D}.Debug|Any CPU.Build.0 = Debug|Any CPU
		{248825BB-4D93-4708-88FE-D4AFC87EF69D}.Release|Any CPU.ActiveCfg = Release|Any CPU
		{248825BB-4D93-4708-88FE-D4AFC87EF69D}.Release|Any CPU.Build.0 = Release|Any CPU
		{7F2DE7AD-CB9D-4596-AC5D-2747E3EB4B3B}.Debug|Any CPU.ActiveCfg = Debug|Any CPU
		{7F2DE7AD-CB9D-4596-AC5D-2747E3EB4B3B}.Debug|Any CPU.Build.0 = Debug|Any CPU
		{7F2DE7AD-CB9D-4596-AC5D-2747E3EB4B3B}.Release|Any CPU.ActiveCfg = Release|Any CPU
		{7F2DE7AD-CB9D-4596-AC5D-2747E3EB4B3B}.Release|Any CPU.Build.0 = Release|Any CPU
		{E24FA8A6-775C-45D6-B4A5-FEB069A08DC8}.Debug|Any CPU.ActiveCfg = Debug|Any CPU
		{E24FA8A6-775C-45D6-B4A5-FEB069A08DC8}.Debug|Any CPU.Build.0 = Debug|Any CPU
		{E24FA8A6-775C-45D6-B4A5-FEB069A08DC8}.Release|Any CPU.ActiveCfg = Release|Any CPU
		{E24FA8A6-775C-45D6-B4A5-FEB069A08DC8}.Release|Any CPU.Build.0 = Release|Any CPU
		{470E9517-DD66-4132-9C43-7E19FDC9854D}.Debug|Any CPU.ActiveCfg = Debug|Any CPU
		{470E9517-DD66-4132-9C43-7E19FDC9854D}.Debug|Any CPU.Build.0 = Debug|Any CPU
		{470E9517-DD66-4132-9C43-7E19FDC9854D}.Release|Any CPU.ActiveCfg = Release|Any CPU
		{470E9517-DD66-4132-9C43-7E19FDC9854D}.Release|Any CPU.Build.0 = Release|Any CPU
		{052DB771-0C00-4161-B8EB-36D33901CAC7}.Debug|Any CPU.ActiveCfg = Debug|Any CPU
		{052DB771-0C00-4161-B8EB-36D33901CAC7}.Debug|Any CPU.Build.0 = Debug|Any CPU
		{052DB771-0C00-4161-B8EB-36D33901CAC7}.Release|Any CPU.ActiveCfg = Release|Any CPU
		{052DB771-0C00-4161-B8EB-36D33901CAC7}.Release|Any CPU.Build.0 = Release|Any CPU
		{06C8A986-A972-4899-A730-A98E41CB9F68}.Debug|Any CPU.ActiveCfg = Debug|Any CPU
		{06C8A986-A972-4899-A730-A98E41CB9F68}.Debug|Any CPU.Build.0 = Debug|Any CPU
		{06C8A986-A972-4899-A730-A98E41CB9F68}.Release|Any CPU.ActiveCfg = Release|Any CPU
		{06C8A986-A972-4899-A730-A98E41CB9F68}.Release|Any CPU.Build.0 = Release|Any CPU
		{03D1B0CA-38CF-495C-8A39-68AF6F377AE7}.Debug|Any CPU.ActiveCfg = Debug|Any CPU
		{03D1B0CA-38CF-495C-8A39-68AF6F377AE7}.Debug|Any CPU.Build.0 = Debug|Any CPU
		{03D1B0CA-38CF-495C-8A39-68AF6F377AE7}.Release|Any CPU.ActiveCfg = Release|Any CPU
		{03D1B0CA-38CF-495C-8A39-68AF6F377AE7}.Release|Any CPU.Build.0 = Release|Any CPU
		{B974ED27-65C4-4EC1-AD3C-576A6D457D0C}.Debug|Any CPU.ActiveCfg = Debug|Any CPU
		{B974ED27-65C4-4EC1-AD3C-576A6D457D0C}.Debug|Any CPU.Build.0 = Debug|Any CPU
		{B974ED27-65C4-4EC1-AD3C-576A6D457D0C}.Release|Any CPU.ActiveCfg = Release|Any CPU
		{B974ED27-65C4-4EC1-AD3C-576A6D457D0C}.Release|Any CPU.Build.0 = Release|Any CPU
		{7F2840C0-0FC8-44DD-92B7-D0B85D83292D}.Debug|Any CPU.ActiveCfg = Debug|Any CPU
		{7F2840C0-0FC8-44DD-92B7-D0B85D83292D}.Debug|Any CPU.Build.0 = Debug|Any CPU
		{7F2840C0-0FC8-44DD-92B7-D0B85D83292D}.Release|Any CPU.ActiveCfg = Release|Any CPU
		{7F2840C0-0FC8-44DD-92B7-D0B85D83292D}.Release|Any CPU.Build.0 = Release|Any CPU
		{2CB21093-065B-4AA4-A383-83773ED6D7FB}.Debug|Any CPU.ActiveCfg = Debug|Any CPU
		{2CB21093-065B-4AA4-A383-83773ED6D7FB}.Debug|Any CPU.Build.0 = Debug|Any CPU
		{2CB21093-065B-4AA4-A383-83773ED6D7FB}.Release|Any CPU.ActiveCfg = Release|Any CPU
		{2CB21093-065B-4AA4-A383-83773ED6D7FB}.Release|Any CPU.Build.0 = Release|Any CPU
		{850F65A0-4AC8-43D9-AD07-7D914311B0B0}.Debug|Any CPU.ActiveCfg = Debug|Any CPU
		{850F65A0-4AC8-43D9-AD07-7D914311B0B0}.Debug|Any CPU.Build.0 = Debug|Any CPU
		{850F65A0-4AC8-43D9-AD07-7D914311B0B0}.Release|Any CPU.ActiveCfg = Release|Any CPU
		{850F65A0-4AC8-43D9-AD07-7D914311B0B0}.Release|Any CPU.Build.0 = Release|Any CPU
		{E3AF25E5-5234-4259-93DD-B5528ECF5937}.Debug|Any CPU.ActiveCfg = Debug|Any CPU
		{E3AF25E5-5234-4259-93DD-B5528ECF5937}.Debug|Any CPU.Build.0 = Debug|Any CPU
		{E3AF25E5-5234-4259-93DD-B5528ECF5937}.Release|Any CPU.ActiveCfg = Release|Any CPU
		{E3AF25E5-5234-4259-93DD-B5528ECF5937}.Release|Any CPU.Build.0 = Release|Any CPU
		{BAA6D76E-BB7F-428C-B542-E78EDF87A555}.Debug|Any CPU.ActiveCfg = Debug|Any CPU
		{BAA6D76E-BB7F-428C-B542-E78EDF87A555}.Debug|Any CPU.Build.0 = Debug|Any CPU
		{BAA6D76E-BB7F-428C-B542-E78EDF87A555}.Release|Any CPU.ActiveCfg = Release|Any CPU
		{BAA6D76E-BB7F-428C-B542-E78EDF87A555}.Release|Any CPU.Build.0 = Release|Any CPU
		{A7D4071B-6905-47DB-8984-14E76A8A228C}.Debug|Any CPU.ActiveCfg = Debug|Any CPU
		{A7D4071B-6905-47DB-8984-14E76A8A228C}.Debug|Any CPU.Build.0 = Debug|Any CPU
		{A7D4071B-6905-47DB-8984-14E76A8A228C}.Release|Any CPU.ActiveCfg = Release|Any CPU
		{A7D4071B-6905-47DB-8984-14E76A8A228C}.Release|Any CPU.Build.0 = Release|Any CPU
		{7407C4B7-3A79-4D36-BF97-132ABF92E9F2}.Debug|Any CPU.ActiveCfg = Debug|Any CPU
		{7407C4B7-3A79-4D36-BF97-132ABF92E9F2}.Debug|Any CPU.Build.0 = Debug|Any CPU
		{7407C4B7-3A79-4D36-BF97-132ABF92E9F2}.Release|Any CPU.ActiveCfg = Release|Any CPU
		{7407C4B7-3A79-4D36-BF97-132ABF92E9F2}.Release|Any CPU.Build.0 = Release|Any CPU
		{03C01DA0-A14C-4265-B0F1-754514C77A11}.Debug|Any CPU.ActiveCfg = Debug|Any CPU
		{03C01DA0-A14C-4265-B0F1-754514C77A11}.Debug|Any CPU.Build.0 = Debug|Any CPU
		{03C01DA0-A14C-4265-B0F1-754514C77A11}.Release|Any CPU.ActiveCfg = Release|Any CPU
		{03C01DA0-A14C-4265-B0F1-754514C77A11}.Release|Any CPU.Build.0 = Release|Any CPU
		{12F00B33-E55B-4E5F-BEE1-42CA87C8C258}.Debug|Any CPU.ActiveCfg = Debug|Any CPU
		{12F00B33-E55B-4E5F-BEE1-42CA87C8C258}.Debug|Any CPU.Build.0 = Debug|Any CPU
		{12F00B33-E55B-4E5F-BEE1-42CA87C8C258}.Release|Any CPU.ActiveCfg = Release|Any CPU
		{12F00B33-E55B-4E5F-BEE1-42CA87C8C258}.Release|Any CPU.Build.0 = Release|Any CPU
		
		{C0D3B6A1-7C5A-4E3F-9D2A-1D7A8D5D3A91}.Debug|Any CPU.ActiveCfg = Debug|Any CPU
		{C0D3B6A1-7C5A-4E3F-9D2A-1D7A8D5D3A91}.Debug|Any CPU.Build.0 = Debug|Any CPU
		{C0D3B6A1-7C5A-4E3F-9D2A-1D7A8D5D3A91}.Release|Any CPU.ActiveCfg = Release|Any CPU
		{C0D3B6A1-7C5A-4E3F-9D2A-1D7A8D5D3A91}.Release|Any CPU.Build.0 = Release|Any CPU
		{A9C19E3B-8F3A-4D8F-A2E7-6BD23EFA5921}.Debug|Any CPU.ActiveCfg = Debug|Any CPU
		{A9C19E3B-8F3A-4D8F-A2E7-6BD23EFA5921}.Debug|Any CPU.Build.0 = Debug|Any CPU
		{A9C19E3B-8F3A-4D8F-A2E7-6BD23EFA5921}.Release|Any CPU.ActiveCfg = Release|Any CPU
		{A9C19E3B-8F3A-4D8F-A2E7-6BD23EFA5921}.Release|Any CPU.Build.0 = Release|Any CPU

	EndGlobalSection
	GlobalSection(NestedProjects) = preSolution
		{9CC3A678-EC1B-4DF9-A8BE-F4DDDAA66F06} = {975CA405-353B-401E-B092-5ADFC83C245E}
		{EFDE7A55-82DC-4FC1-AE5B-9918D68267EB} = {975CA405-353B-401E-B092-5ADFC83C245E}
		{486F6629-1205-44C2-AB70-5771658E6735} = {975CA405-353B-401E-B092-5ADFC83C245E}
		{CBA3DB54-FA94-4B6E-A736-3C6338C0B295} = {975CA405-353B-401E-B092-5ADFC83C245E}
		{3CB3C860-2784-4A87-A272-0B6C6F78B203} = {CBA3DB54-FA94-4B6E-A736-3C6338C0B295}
		{A6F32293-2EE7-4C2D-BE9A-BD80FBD23503} = {CBA3DB54-FA94-4B6E-A736-3C6338C0B295}
		{7FC5D06B-498E-4933-A772-90FAA4B75F3F} = {CBA3DB54-FA94-4B6E-A736-3C6338C0B295}
		{248825BB-4D93-4708-88FE-D4AFC87EF69D} = {CBA3DB54-FA94-4B6E-A736-3C6338C0B295}
		{7F2DE7AD-CB9D-4596-AC5D-2747E3EB4B3B} = {975CA405-353B-401E-B092-5ADFC83C245E}
		{0434D18C-BAFF-4665-8188-11E9B7FD27C1} = {975CA405-353B-401E-B092-5ADFC83C245E}
		{E24FA8A6-775C-45D6-B4A5-FEB069A08DC8} = {0434D18C-BAFF-4665-8188-11E9B7FD27C1}
		{470E9517-DD66-4132-9C43-7E19FDC9854D} = {0434D18C-BAFF-4665-8188-11E9B7FD27C1}
		{052DB771-0C00-4161-B8EB-36D33901CAC7} = {0434D18C-BAFF-4665-8188-11E9B7FD27C1}
		{06C8A986-A972-4899-A730-A98E41CB9F68} = {0434D18C-BAFF-4665-8188-11E9B7FD27C1}
		{03D1B0CA-38CF-495C-8A39-68AF6F377AE7} = {975CA405-353B-401E-B092-5ADFC83C245E}
		{DCBE2EE3-5DCB-445A-889C-6CB7B11F038F} = {975CA405-353B-401E-B092-5ADFC83C245E}
		{B974ED27-65C4-4EC1-AD3C-576A6D457D0C} = {DCBE2EE3-5DCB-445A-889C-6CB7B11F038F}
		{7F2840C0-0FC8-44DD-92B7-D0B85D83292D} = {DCBE2EE3-5DCB-445A-889C-6CB7B11F038F}
		{2CB21093-065B-4AA4-A383-83773ED6D7FB} = {DCBE2EE3-5DCB-445A-889C-6CB7B11F038F}
		{850F65A0-4AC8-43D9-AD07-7D914311B0B0} = {DCBE2EE3-5DCB-445A-889C-6CB7B11F038F}
		{E3AF25E5-5234-4259-93DD-B5528ECF5937} = {975CA405-353B-401E-B092-5ADFC83C245E}
		{6AC13C36-6F4B-42BF-A557-47B63F3B70AE} = {975CA405-353B-401E-B092-5ADFC83C245E}
		{BAA6D76E-BB7F-428C-B542-E78EDF87A555} = {6AC13C36-6F4B-42BF-A557-47B63F3B70AE}
		{A7D4071B-6905-47DB-8984-14E76A8A228C} = {6AC13C36-6F4B-42BF-A557-47B63F3B70AE}
		{7407C4B7-3A79-4D36-BF97-132ABF92E9F2} = {6AC13C36-6F4B-42BF-A557-47B63F3B70AE}
		{03C01DA0-A14C-4265-B0F1-754514C77A11} = {6AC13C36-6F4B-42BF-A557-47B63F3B70AE}
		{12F00B33-E55B-4E5F-BEE1-42CA87C8C258} = {975CA405-353B-401E-B092-5ADFC83C245E}

		{C0D3B6A1-7C5A-4E3F-9D2A-1D7A8D5D3A91} = {975CA405-353B-401E-B092-5ADFC83C245E}
		{A9C19E3B-8F3A-4D8F-A2E7-6BD23EFA5921} = {975CA405-353B-401E-B092-5ADFC83C245E}
	EndGlobalSection
EndGlobal
